
Microsoft Visual Studio Solution File, Format Version 12.00
# Visual Studio Version 17
VisualStudioVersion = 17.0.31903.59
MinimumVisualStudioVersion = 10.0.40219.1
Project("{2150E333-8FDC-42A3-9474-1A3956D46DE8}") = "src", "src", "{E32F98D6-D9D2-4D64-B9F7-EFEB260E9BF4}"
EndProject
Project("{2150E333-8FDC-42A3-9474-1A3956D46DE8}") = "Dedsi.Ddd.CQRS", "Dedsi.Ddd.CQRS", "{02EA681E-C7D8-13C7-8484-4AC65E1B71E8}"
EndProject
Project("{FAE04EC0-301F-11D3-BF4B-00C04F79EFBC}") = "Dedsi.Ddd.CQRS.EntityFrameworkCore", "src\Dedsi.Ddd.CQRS\Dedsi.Ddd.CQRS.EntityFrameworkCore\Dedsi.Ddd.CQRS.EntityFrameworkCore.csproj", "{4188D7AD-AEC8-E1A6-C055-6BB1C3D79B64}"
EndProject
Project("{FAE04EC0-301F-11D3-BF4B-00C04F79EFBC}") = "Dedsi.Ddd.CQRS.HttpApi", "src\Dedsi.Ddd.CQRS\Dedsi.Ddd.CQRS.HttpApi\Dedsi.Ddd.CQRS.HttpApi.csproj", "{A7213CBD-2EAF-F4B1-3FDB-3C5455004428}"
EndProject
Project("{2150E333-8FDC-42A3-9474-1A3956D46DE8}") = "framework", "framework", "{476E9732-6873-4444-A68D-60B8B27B4E9F}"
EndProject
Project("{FAE04EC0-301F-11D3-BF4B-00C04F79EFBC}") = "Dedsi.AspNetCore", "..\framework\src\Dedsi.AspNetCore\Dedsi.AspNetCore.csproj", "{052B9F5A-2184-8020-8A76-DDE97E5F9880}"
EndProject
Project("{FAE04EC0-301F-11D3-BF4B-00C04F79EFBC}") = "Dedsi.Ddd.CQRS", "..\framework\src\Dedsi.Ddd.CQRS\Dedsi.Ddd.CQRS.csproj", "{546122BB-1171-B086-B45E-76337831C16D}"
EndProject
Project("{FAE04EC0-301F-11D3-BF4B-00C04F79EFBC}") = "Dedsi.EntityFrameworkCore", "..\framework\src\Dedsi.EntityFrameworkCore\Dedsi.EntityFrameworkCore.csproj", "{BF4C2B68-BF58-400B-477C-8F8947055D78}"
EndProject
Global
	GlobalSection(SolutionConfigurationPlatforms) = preSolution
		Debug|Any CPU = Debug|Any CPU
		Release|Any CPU = Release|Any CPU
	EndGlobalSection
	GlobalSection(ProjectConfigurationPlatforms) = postSolution
		{4188D7AD-AEC8-E1A6-C055-6BB1C3D79B64}.Debug|Any CPU.ActiveCfg = Debug|Any CPU
		{4188D7AD-AEC8-E1A6-C055-6BB1C3D79B64}.Debug|Any CPU.Build.0 = Debug|Any CPU
		{4188D7AD-AEC8-E1A6-C055-6BB1C3D79B64}.Release|Any CPU.ActiveCfg = Release|Any CPU
		{4188D7AD-AEC8-E1A6-C055-6BB1C3D79B64}.Release|Any CPU.Build.0 = Release|Any CPU
		{A7213CBD-2EAF-F4B1-3FDB-3C5455004428}.Debug|Any CPU.ActiveCfg = Debug|Any CPU
		{A7213CBD-2EAF-F4B1-3FDB-3C5455004428}.Debug|Any CPU.Build.0 = Debug|Any CPU
		{A7213CBD-2EAF-F4B1-3FDB-3C5455004428}.Release|Any CPU.ActiveCfg = Release|Any CPU
		{A7213CBD-2EAF-F4B1-3FDB-3C5455004428}.Release|Any CPU.Build.0 = Release|Any CPU
		{052B9F5A-2184-8020-8A76-DDE97E5F9880}.Debug|Any CPU.ActiveCfg = Debug|Any CPU
		{052B9F5A-2184-8020-8A76-DDE97E5F9880}.Debug|Any CPU.Build.0 = Debug|Any CPU
		{052B9F5A-2184-8020-8A76-DDE97E5F9880}.Release|Any CPU.ActiveCfg = Release|Any CPU
		{052B9F5A-2184-8020-8A76-DDE97E5F9880}.Release|Any CPU.Build.0 = Release|Any CPU
		{546122BB-1171-B086-B45E-76337831C16D}.Debug|Any CPU.ActiveCfg = Debug|Any CPU
		{546122BB-1171-B086-B45E-76337831C16D}.Debug|Any CPU.Build.0 = Debug|Any CPU
		{546122BB-1171-B086-B45E-76337831C16D}.Release|Any CPU.ActiveCfg = Release|Any CPU
		{546122BB-1171-B086-B45E-76337831C16D}.Release|Any CPU.Build.0 = Release|Any CPU
		{BF4C2B68-BF58-400B-477C-8F8947055D78}.Debug|Any CPU.ActiveCfg = Debug|Any CPU
		{BF4C2B68-BF58-400B-477C-8F8947055D78}.Debug|Any CPU.Build.0 = Debug|Any CPU
		{BF4C2B68-BF58-400B-477C-8F8947055D78}.Release|Any CPU.ActiveCfg = Release|Any CPU
		{BF4C2B68-BF58-400B-477C-8F8947055D78}.Release|Any CPU.Build.0 = Release|Any CPU
	EndGlobalSection
	GlobalSection(SolutionProperties) = preSolution
		HideSolutionNode = FALSE
	EndGlobalSection
	GlobalSection(NestedProjects) = preSolution
		{02EA681E-C7D8-13C7-8484-4AC65E1B71E8} = {E32F98D6-D9D2-4D64-B9F7-EFEB260E9BF4}
		{4188D7AD-AEC8-E1A6-C055-6BB1C3D79B64} = {02EA681E-C7D8-13C7-8484-4AC65E1B71E8}
		{A7213CBD-2EAF-F4B1-3FDB-3C5455004428} = {02EA681E-C7D8-13C7-8484-4AC65E1B71E8}
		{052B9F5A-2184-8020-8A76-DDE97E5F9880} = {476E9732-6873-4444-A68D-60B8B27B4E9F}
		{546122BB-1171-B086-B45E-76337831C16D} = {476E9732-6873-4444-A68D-60B8B27B4E9F}
		{BF4C2B68-BF58-400B-477C-8F8947055D78} = {476E9732-6873-4444-A68D-60B8B27B4E9F}
	EndGlobalSection
	GlobalSection(ExtensibilityGlobals) = postSolution
		SolutionGuid = {A679BCB9-BECE-4DA5-BBEE-8657B4B0BF28}
	EndGlobalSection
EndGlobal
