
Microsoft Visual Studio Solution File, Format Version 12.00
# Visual Studio Version 17
VisualStudioVersion = 17.0.31903.59
MinimumVisualStudioVersion = 10.0.40219.1
Project("{2150E333-8FDC-42A3-9474-1A3956D46DE8}") = "src", "src", "{E32F98D6-D9D2-4D64-B9F7-EFEB260E9BF4}"
EndProject
Project("{FAE04EC0-301F-11D3-BF4B-00C04F79EFBC}") = "Dedsi.CleanArchitecture.Infrastructure", "src\Dedsi.CleanArchitecture.Infrastructure\Dedsi.CleanArchitecture.Infrastructure.csproj", "{C923A027-7770-4E11-9DD5-A7CDE8A721F8}"
EndProject
Project("{FAE04EC0-301F-11D3-BF4B-00C04F79EFBC}") = "Dedsi.CleanArchitecture.HttpApi", "src\Dedsi.CleanArchitecture.HttpApi\Dedsi.CleanArchitecture.HttpApi.csproj", "{0819EB91-2795-4E90-8CFA-30BDA80D6204}"
EndProject
Project("{FAE04EC0-301F-11D3-BF4B-00C04F79EFBC}") = "Dedsi.Ddd.Domain", "src\Dedsi.Ddd.Domain\Dedsi.Ddd.Domain.csproj", "{E97DF795-1C78-4AC0-A010-F49E5D53A3CF}"
EndProject
Project("{FAE04EC0-301F-11D3-BF4B-00C04F79EFBC}") = "Dedsi.Ddd.Application", "src\Dedsi.Ddd.Application\Dedsi.Ddd.Application.csproj", "{5C605CAC-7804-4A2D-88B9-D6A1B4748074}"
EndProject
Project("{FAE04EC0-301F-11D3-BF4B-00C04F79EFBC}") = "Dedsi.Ddd.Application.Contracts", "src\Dedsi.Ddd.Application.Contracts\Dedsi.Ddd.Application.Contracts.csproj", "{5E5A722D-137B-4C1A-9B8A-E1D9DFEDE772}"
EndProject
Project("{FAE04EC0-301F-11D3-BF4B-00C04F79EFBC}") = "Dedsi.Core", "src\Dedsi.Core\Dedsi.Core.csproj", "{53E641E9-51F0-4662-95A2-9DB5A3369DFA}"
EndProject
Project("{FAE04EC0-301F-11D3-BF4B-00C04F79EFBC}") = "Dedsi.SqlSugar", "src\Dedsi.SqlSugar\Dedsi.SqlSugar.csproj", "{6D26E605-AC3A-4C57-B10E-D39E00199A23}"
EndProject
Project("{2150E333-8FDC-42A3-9474-1A3956D46DE8}") = "templates", "templates", "{587F298A-AFEF-4E79-B882-CBAB4FB3A69C}"
EndProject
Project("{2150E333-8FDC-42A3-9474-1A3956D46DE8}") = "cleanArchitecture", "cleanArchitecture", "{57330FF5-31E2-4FD2-8FDC-DE7477E28F67}"
EndProject
Project("{FAE04EC0-301F-11D3-BF4B-00C04F79EFBC}") = "Dedsi.CleanArchitecture.Domain", "src\Dedsi.CleanArchitecture.Domain\Dedsi.CleanArchitecture.Domain.csproj", "{A937D8F6-42F3-4142-BF5D-210D1F7790F1}"
EndProject
Project("{FAE04EC0-301F-11D3-BF4B-00C04F79EFBC}") = "Dedsi.AspNetCore", "src\Dedsi.AspNetCore\Dedsi.AspNetCore.csproj", "{6E277BD4-D7B6-4D7A-BDED-9B052D6F6485}"
EndProject
Project("{FAE04EC0-301F-11D3-BF4B-00C04F79EFBC}") = "Dedsi.EntityFrameworkCore", "src\Dedsi.EntityFrameworkCore\Dedsi.EntityFrameworkCore.csproj", "{40B876EF-0D9F-44AF-959C-5CA15C01E210}"
EndProject
Project("{2150E333-8FDC-42A3-9474-1A3956D46DE8}") = "src", "src", "{B5341F0C-69E8-4B2A-BF63-9102E59F6478}"
EndProject
Project("{2150E333-8FDC-42A3-9474-1A3956D46DE8}") = "host", "host", "{DA68C93D-2677-499F-BC55-DB9341941F05}"
EndProject
Project("{FAE04EC0-301F-11D3-BF4B-00C04F79EFBC}") = "ProjectName.Domain", "templates\cleanArchitecture\src\ProjectName.Domain\ProjectName.Domain.csproj", "{7611C086-A2D2-4350-A86B-88A302B729D5}"
EndProject
Project("{FAE04EC0-301F-11D3-BF4B-00C04F79EFBC}") = "ProjectName.HttpApi", "templates\cleanArchitecture\src\ProjectName.HttpApi\ProjectName.HttpApi.csproj", "{D80ADE4A-6B27-49E1-9253-97B6658309C9}"
EndProject
Project("{FAE04EC0-301F-11D3-BF4B-00C04F79EFBC}") = "ProjectName.Infrastructure", "templates\cleanArchitecture\src\ProjectName.Infrastructure\ProjectName.Infrastructure.csproj", "{0B7008B4-3EDC-4748-AF3F-E692951619B0}"
EndProject
Project("{FAE04EC0-301F-11D3-BF4B-00C04F79EFBC}") = "ProjectName.HttpApi.Host", "templates\cleanArchitecture\host\ProjectName.HttpApi.Host\ProjectName.HttpApi.Host.csproj", "{AEE79EA7-12CF-4823-A1B8-B92AC94409EB}"
EndProject
Global
	GlobalSection(SolutionConfigurationPlatforms) = preSolution
		Debug|Any CPU = Debug|Any CPU
		Release|Any CPU = Release|Any CPU
	EndGlobalSection
	GlobalSection(SolutionProperties) = preSolution
		HideSolutionNode = FALSE
	EndGlobalSection
	GlobalSection(NestedProjects) = preSolution
		{C923A027-7770-4E11-9DD5-A7CDE8A721F8} = {E32F98D6-D9D2-4D64-B9F7-EFEB260E9BF4}
		{0819EB91-2795-4E90-8CFA-30BDA80D6204} = {E32F98D6-D9D2-4D64-B9F7-EFEB260E9BF4}
		{E97DF795-1C78-4AC0-A010-F49E5D53A3CF} = {E32F98D6-D9D2-4D64-B9F7-EFEB260E9BF4}
		{5C605CAC-7804-4A2D-88B9-D6A1B4748074} = {E32F98D6-D9D2-4D64-B9F7-EFEB260E9BF4}
		{5E5A722D-137B-4C1A-9B8A-E1D9DFEDE772} = {E32F98D6-D9D2-4D64-B9F7-EFEB260E9BF4}
		{53E641E9-51F0-4662-95A2-9DB5A3369DFA} = {E32F98D6-D9D2-4D64-B9F7-EFEB260E9BF4}
		{6D26E605-AC3A-4C57-B10E-D39E00199A23} = {E32F98D6-D9D2-4D64-B9F7-EFEB260E9BF4}
		{57330FF5-31E2-4FD2-8FDC-DE7477E28F67} = {587F298A-AFEF-4E79-B882-CBAB4FB3A69C}
		{A937D8F6-42F3-4142-BF5D-210D1F7790F1} = {E32F98D6-D9D2-4D64-B9F7-EFEB260E9BF4}
		{6E277BD4-D7B6-4D7A-BDED-9B052D6F6485} = {E32F98D6-D9D2-4D64-B9F7-EFEB260E9BF4}
		{40B876EF-0D9F-44AF-959C-5CA15C01E210} = {E32F98D6-D9D2-4D64-B9F7-EFEB260E9BF4}
		{B5341F0C-69E8-4B2A-BF63-9102E59F6478} = {57330FF5-31E2-4FD2-8FDC-DE7477E28F67}
		{DA68C93D-2677-499F-BC55-DB9341941F05} = {57330FF5-31E2-4FD2-8FDC-DE7477E28F67}
		{7611C086-A2D2-4350-A86B-88A302B729D5} = {B5341F0C-69E8-4B2A-BF63-9102E59F6478}
		{D80ADE4A-6B27-49E1-9253-97B6658309C9} = {B5341F0C-69E8-4B2A-BF63-9102E59F6478}
		{0B7008B4-3EDC-4748-AF3F-E692951619B0} = {B5341F0C-69E8-4B2A-BF63-9102E59F6478}
		{AEE79EA7-12CF-4823-A1B8-B92AC94409EB} = {DA68C93D-2677-499F-BC55-DB9341941F05}
	EndGlobalSection
	GlobalSection(ProjectConfigurationPlatforms) = postSolution
		{C923A027-7770-4E11-9DD5-A7CDE8A721F8}.Debug|Any CPU.ActiveCfg = Debug|Any CPU
		{C923A027-7770-4E11-9DD5-A7CDE8A721F8}.Debug|Any CPU.Build.0 = Debug|Any CPU
		{C923A027-7770-4E11-9DD5-A7CDE8A721F8}.Release|Any CPU.ActiveCfg = Release|Any CPU
		{C923A027-7770-4E11-9DD5-A7CDE8A721F8}.Release|Any CPU.Build.0 = Release|Any CPU
		{0819EB91-2795-4E90-8CFA-30BDA80D6204}.Debug|Any CPU.ActiveCfg = Debug|Any CPU
		{0819EB91-2795-4E90-8CFA-30BDA80D6204}.Debug|Any CPU.Build.0 = Debug|Any CPU
		{0819EB91-2795-4E90-8CFA-30BDA80D6204}.Release|Any CPU.ActiveCfg = Release|Any CPU
		{0819EB91-2795-4E90-8CFA-30BDA80D6204}.Release|Any CPU.Build.0 = Release|Any CPU
		{E97DF795-1C78-4AC0-A010-F49E5D53A3CF}.Debug|Any CPU.ActiveCfg = Debug|Any CPU
		{E97DF795-1C78-4AC0-A010-F49E5D53A3CF}.Debug|Any CPU.Build.0 = Debug|Any CPU
		{E97DF795-1C78-4AC0-A010-F49E5D53A3CF}.Release|Any CPU.ActiveCfg = Release|Any CPU
		{E97DF795-1C78-4AC0-A010-F49E5D53A3CF}.Release|Any CPU.Build.0 = Release|Any CPU
		{5C605CAC-7804-4A2D-88B9-D6A1B4748074}.Debug|Any CPU.ActiveCfg = Debug|Any CPU
		{5C605CAC-7804-4A2D-88B9-D6A1B4748074}.Debug|Any CPU.Build.0 = Debug|Any CPU
		{5C605CAC-7804-4A2D-88B9-D6A1B4748074}.Release|Any CPU.ActiveCfg = Release|Any CPU
		{5C605CAC-7804-4A2D-88B9-D6A1B4748074}.Release|Any CPU.Build.0 = Release|Any CPU
		{5E5A722D-137B-4C1A-9B8A-E1D9DFEDE772}.Debug|Any CPU.ActiveCfg = Debug|Any CPU
		{5E5A722D-137B-4C1A-9B8A-E1D9DFEDE772}.Debug|Any CPU.Build.0 = Debug|Any CPU
		{5E5A722D-137B-4C1A-9B8A-E1D9DFEDE772}.Release|Any CPU.ActiveCfg = Release|Any CPU
		{5E5A722D-137B-4C1A-9B8A-E1D9DFEDE772}.Release|Any CPU.Build.0 = Release|Any CPU
		{53E641E9-51F0-4662-95A2-9DB5A3369DFA}.Debug|Any CPU.ActiveCfg = Debug|Any CPU
		{53E641E9-51F0-4662-95A2-9DB5A3369DFA}.Debug|Any CPU.Build.0 = Debug|Any CPU
		{53E641E9-51F0-4662-95A2-9DB5A3369DFA}.Release|Any CPU.ActiveCfg = Release|Any CPU
		{53E641E9-51F0-4662-95A2-9DB5A3369DFA}.Release|Any CPU.Build.0 = Release|Any CPU
		{6D26E605-AC3A-4C57-B10E-D39E00199A23}.Debug|Any CPU.ActiveCfg = Debug|Any CPU
		{6D26E605-AC3A-4C57-B10E-D39E00199A23}.Debug|Any CPU.Build.0 = Debug|Any CPU
		{6D26E605-AC3A-4C57-B10E-D39E00199A23}.Release|Any CPU.ActiveCfg = Release|Any CPU
		{6D26E605-AC3A-4C57-B10E-D39E00199A23}.Release|Any CPU.Build.0 = Release|Any CPU
		{A937D8F6-42F3-4142-BF5D-210D1F7790F1}.Debug|Any CPU.ActiveCfg = Debug|Any CPU
		{A937D8F6-42F3-4142-BF5D-210D1F7790F1}.Debug|Any CPU.Build.0 = Debug|Any CPU
		{A937D8F6-42F3-4142-BF5D-210D1F7790F1}.Release|Any CPU.ActiveCfg = Release|Any CPU
		{A937D8F6-42F3-4142-BF5D-210D1F7790F1}.Release|Any CPU.Build.0 = Release|Any CPU
		{6E277BD4-D7B6-4D7A-BDED-9B052D6F6485}.Debug|Any CPU.ActiveCfg = Debug|Any CPU
		{6E277BD4-D7B6-4D7A-BDED-9B052D6F6485}.Debug|Any CPU.Build.0 = Debug|Any CPU
		{6E277BD4-D7B6-4D7A-BDED-9B052D6F6485}.Release|Any CPU.ActiveCfg = Release|Any CPU
		{6E277BD4-D7B6-4D7A-BDED-9B052D6F6485}.Release|Any CPU.Build.0 = Release|Any CPU
		{40B876EF-0D9F-44AF-959C-5CA15C01E210}.Debug|Any CPU.ActiveCfg = Debug|Any CPU
		{40B876EF-0D9F-44AF-959C-5CA15C01E210}.Debug|Any CPU.Build.0 = Debug|Any CPU
		{40B876EF-0D9F-44AF-959C-5CA15C01E210}.Release|Any CPU.ActiveCfg = Release|Any CPU
		{40B876EF-0D9F-44AF-959C-5CA15C01E210}.Release|Any CPU.Build.0 = Release|Any CPU
		{7611C086-A2D2-4350-A86B-88A302B729D5}.Debug|Any CPU.ActiveCfg = Debug|Any CPU
		{7611C086-A2D2-4350-A86B-88A302B729D5}.Debug|Any CPU.Build.0 = Debug|Any CPU
		{7611C086-A2D2-4350-A86B-88A302B729D5}.Release|Any CPU.ActiveCfg = Release|Any CPU
		{7611C086-A2D2-4350-A86B-88A302B729D5}.Release|Any CPU.Build.0 = Release|Any CPU
		{D80ADE4A-6B27-49E1-9253-97B6658309C9}.Debug|Any CPU.ActiveCfg = Debug|Any CPU
		{D80ADE4A-6B27-49E1-9253-97B6658309C9}.Debug|Any CPU.Build.0 = Debug|Any CPU
		{D80ADE4A-6B27-49E1-9253-97B6658309C9}.Release|Any CPU.ActiveCfg = Release|Any CPU
		{D80ADE4A-6B27-49E1-9253-97B6658309C9}.Release|Any CPU.Build.0 = Release|Any CPU
		{0B7008B4-3EDC-4748-AF3F-E692951619B0}.Debug|Any CPU.ActiveCfg = Debug|Any CPU
		{0B7008B4-3EDC-4748-AF3F-E692951619B0}.Debug|Any CPU.Build.0 = Debug|Any CPU
		{0B7008B4-3EDC-4748-AF3F-E692951619B0}.Release|Any CPU.ActiveCfg = Release|Any CPU
		{0B7008B4-3EDC-4748-AF3F-E692951619B0}.Release|Any CPU.Build.0 = Release|Any CPU
		{AEE79EA7-12CF-4823-A1B8-B92AC94409EB}.Debug|Any CPU.ActiveCfg = Debug|Any CPU
		{AEE79EA7-12CF-4823-A1B8-B92AC94409EB}.Debug|Any CPU.Build.0 = Debug|Any CPU
		{AEE79EA7-12CF-4823-A1B8-B92AC94409EB}.Release|Any CPU.ActiveCfg = Release|Any CPU
		{AEE79EA7-12CF-4823-A1B8-B92AC94409EB}.Release|Any CPU.Build.0 = Release|Any CPU
	EndGlobalSection
EndGlobal
