
Microsoft Visual Studio Solution File, Format Version 12.00
# Visual Studio Version 17
VisualStudioVersion = 17.0.31903.59
MinimumVisualStudioVersion = 10.0.40219.1
Project("{FAE04EC0-301F-11D3-BF4B-00C04F79EFBC}") = "Dedsi.ApiGateway", "Dedsi.ApiGateway\Dedsi.ApiGateway.csproj", "{FEE38F58-3972-4819-8651-1830E2FF32FA}"
EndProject
Project("{2150E333-8FDC-42A3-9474-1A3956D46DE8}") = "src", "src", "{02EA681E-C7D8-13C7-8484-4AC65E1B71E8}"
EndProject
Project("{FAE04EC0-301F-11D3-BF4B-00C04F79EFBC}") = "DedsiApiGateway.Domain", "src\DedsiApiGateway.Domain\DedsiApiGateway.Domain.csproj", "{956B3A86-ADEB-3029-0C93-1EB8E435CB3A}"
EndProject
Project("{FAE04EC0-301F-11D3-BF4B-00C04F79EFBC}") = "DedsiApiGateway.HttpApi", "src\DedsiApiGateway.HttpApi\DedsiApiGateway.HttpApi.csproj", "{19CE98F6-C186-9FE1-4274-7E3C6F41E737}"
EndProject
Project("{FAE04EC0-301F-11D3-BF4B-00C04F79EFBC}") = "DedsiApiGateway.Infrastructure", "src\DedsiApiGateway.Infrastructure\DedsiApiGateway.Infrastructure.csproj", "{00D8E76A-44DB-B717-5428-04C8A187331F}"
EndProject
Project("{FAE04EC0-301F-11D3-BF4B-00C04F79EFBC}") = "DedsiApiGateway.Shared", "src\DedsiApiGateway.Shared\DedsiApiGateway.Shared.csproj", "{A33CE257-5DB3-9827-C2C2-BA87EDC79A2B}"
EndProject
Project("{FAE04EC0-301F-11D3-BF4B-00C04F79EFBC}") = "DedsiApiGateway.UseCase", "src\DedsiApiGateway.UseCase\DedsiApiGateway.UseCase.csproj", "{D926D02A-2B62-FB4C-FAA6-0556DCEBC36B}"
EndProject
Global
	GlobalSection(SolutionConfigurationPlatforms) = preSolution
		Debug|Any CPU = Debug|Any CPU
		Release|Any CPU = Release|Any CPU
	EndGlobalSection
	GlobalSection(ProjectConfigurationPlatforms) = postSolution
		{FEE38F58-3972-4819-8651-1830E2FF32FA}.Debug|Any CPU.ActiveCfg = Debug|Any CPU
		{FEE38F58-3972-4819-8651-1830E2FF32FA}.Debug|Any CPU.Build.0 = Debug|Any CPU
		{FEE38F58-3972-4819-8651-1830E2FF32FA}.Release|Any CPU.ActiveCfg = Release|Any CPU
		{FEE38F58-3972-4819-8651-1830E2FF32FA}.Release|Any CPU.Build.0 = Release|Any CPU
		{956B3A86-ADEB-3029-0C93-1EB8E435CB3A}.Debug|Any CPU.ActiveCfg = Debug|Any CPU
		{956B3A86-ADEB-3029-0C93-1EB8E435CB3A}.Debug|Any CPU.Build.0 = Debug|Any CPU
		{956B3A86-ADEB-3029-0C93-1EB8E435CB3A}.Release|Any CPU.ActiveCfg = Release|Any CPU
		{956B3A86-ADEB-3029-0C93-1EB8E435CB3A}.Release|Any CPU.Build.0 = Release|Any CPU
		{19CE98F6-C186-9FE1-4274-7E3C6F41E737}.Debug|Any CPU.ActiveCfg = Debug|Any CPU
		{19CE98F6-C186-9FE1-4274-7E3C6F41E737}.Debug|Any CPU.Build.0 = Debug|Any CPU
		{19CE98F6-C186-9FE1-4274-7E3C6F41E737}.Release|Any CPU.ActiveCfg = Release|Any CPU
		{19CE98F6-C186-9FE1-4274-7E3C6F41E737}.Release|Any CPU.Build.0 = Release|Any CPU
		{00D8E76A-44DB-B717-5428-04C8A187331F}.Debug|Any CPU.ActiveCfg = Debug|Any CPU
		{00D8E76A-44DB-B717-5428-04C8A187331F}.Debug|Any CPU.Build.0 = Debug|Any CPU
		{00D8E76A-44DB-B717-5428-04C8A187331F}.Release|Any CPU.ActiveCfg = Release|Any CPU
		{00D8E76A-44DB-B717-5428-04C8A187331F}.Release|Any CPU.Build.0 = Release|Any CPU
		{A33CE257-5DB3-9827-C2C2-BA87EDC79A2B}.Debug|Any CPU.ActiveCfg = Debug|Any CPU
		{A33CE257-5DB3-9827-C2C2-BA87EDC79A2B}.Debug|Any CPU.Build.0 = Debug|Any CPU
		{A33CE257-5DB3-9827-C2C2-BA87EDC79A2B}.Release|Any CPU.ActiveCfg = Release|Any CPU
		{A33CE257-5DB3-9827-C2C2-BA87EDC79A2B}.Release|Any CPU.Build.0 = Release|Any CPU
		{D926D02A-2B62-FB4C-FAA6-0556DCEBC36B}.Debug|Any CPU.ActiveCfg = Debug|Any CPU
		{D926D02A-2B62-FB4C-FAA6-0556DCEBC36B}.Debug|Any CPU.Build.0 = Debug|Any CPU
		{D926D02A-2B62-FB4C-FAA6-0556DCEBC36B}.Release|Any CPU.ActiveCfg = Release|Any CPU
		{D926D02A-2B62-FB4C-FAA6-0556DCEBC36B}.Release|Any CPU.Build.0 = Release|Any CPU
	EndGlobalSection
	GlobalSection(SolutionProperties) = preSolution
		HideSolutionNode = FALSE
	EndGlobalSection
	GlobalSection(NestedProjects) = preSolution
		{956B3A86-ADEB-3029-0C93-1EB8E435CB3A} = {02EA681E-C7D8-13C7-8484-4AC65E1B71E8}
		{19CE98F6-C186-9FE1-4274-7E3C6F41E737} = {02EA681E-C7D8-13C7-8484-4AC65E1B71E8}
		{00D8E76A-44DB-B717-5428-04C8A187331F} = {02EA681E-C7D8-13C7-8484-4AC65E1B71E8}
		{A33CE257-5DB3-9827-C2C2-BA87EDC79A2B} = {02EA681E-C7D8-13C7-8484-4AC65E1B71E8}
		{D926D02A-2B62-FB4C-FAA6-0556DCEBC36B} = {02EA681E-C7D8-13C7-8484-4AC65E1B71E8}
	EndGlobalSection
EndGlobal
